
Microsoft Visual Studio Solution File, Format Version 12.00
# Visual Studio Version 17
VisualStudioVersion = 17.0.31903.59
MinimumVisualStudioVersion = 10.0.40219.1
Project("{2150E333-8FDC-42A3-9474-1A3956D46DE8}") = "src", "src", "{827E0CD3-B72D-47B6-A68D-7590B98EB39B}"
EndProject
Project("{FAE04EC0-301F-11D3-BF4B-00C04F79EFBC}") = "RG.Toon", "src\RG.Toon\RG.Toon.csproj", "{8D392168-CF63-4273-AC59-4D1B34D351CF}"
EndProject
Project("{2150E333-8FDC-42A3-9474-1A3956D46DE8}") = "tests", "tests", "{0AB3BF05-4346-4AA6-1389-037BE0695223}"
EndProject
Project("{FAE04EC0-301F-11D3-BF4B-00C04F79EFBC}") = "RG.Toon.Tests", "tests\RG.Toon.Tests\RG.Toon.Tests.csproj", "{9DE91110-3BF1-4837-B4EB-2BDD2552F329}"
EndProject
Project("{2150E333-8FDC-42A3-9474-1A3956D46DE8}") = "benchmarks", "benchmarks", "{66320409-64EC-F7C5-3DEF-65E7510DAAD1}"
EndProject
Project("{FAE04EC0-301F-11D3-BF4B-00C04F79EFBC}") = "RG.Toon.Benchmarks", "benchmarks\RG.Toon.Benchmarks\RG.Toon.Benchmarks.csproj", "{484217C7-3CE5-412A-891D-BB546384532D}"
EndProject
Project("{FAE04EC0-301F-11D3-BF4B-00C04F79EFBC}") = "RG.Toon.SourceGenerator", "src\RG.Toon.SourceGenerator\RG.Toon.SourceGenerator.csproj", "{929ABEBC-EF4C-4674-8253-484826D8FE9E}"
EndProject
Global
	GlobalSection(SolutionConfigurationPlatforms) = preSolution
		Debug|Any CPU = Debug|Any CPU
		Debug|x64 = Debug|x64
		Debug|x86 = Debug|x86
		Release|Any CPU = Release|Any CPU
		Release|x64 = Release|x64
		Release|x86 = Release|x86
	EndGlobalSection
	GlobalSection(ProjectConfigurationPlatforms) = postSolution
		{8D392168-CF63-4273-AC59-4D1B34D351CF}.Debug|Any CPU.ActiveCfg = Debug|Any CPU
		{8D392168-CF63-4273-AC59-4D1B34D351CF}.Debug|Any CPU.Build.0 = Debug|Any CPU
		{8D392168-CF63-4273-AC59-4D1B34D351CF}.Debug|x64.ActiveCfg = Debug|Any CPU
		{8D392168-CF63-4273-AC59-4D1B34D351CF}.Debug|x64.Build.0 = Debug|Any CPU
		{8D392168-CF63-4273-AC59-4D1B34D351CF}.Debug|x86.ActiveCfg = Debug|Any CPU
		{8D392168-CF63-4273-AC59-4D1B34D351CF}.Debug|x86.Build.0 = Debug|Any CPU
		{8D392168-CF63-4273-AC59-4D1B34D351CF}.Release|Any CPU.ActiveCfg = Release|Any CPU
		{8D392168-CF63-4273-AC59-4D1B34D351CF}.Release|Any CPU.Build.0 = Release|Any CPU
		{8D392168-CF63-4273-AC59-4D1B34D351CF}.Release|x64.ActiveCfg = Release|Any CPU
		{8D392168-CF63-4273-AC59-4D1B34D351CF}.Release|x64.Build.0 = Release|Any CPU
		{8D392168-CF63-4273-AC59-4D1B34D351CF}.Release|x86.ActiveCfg = Release|Any CPU
		{8D392168-CF63-4273-AC59-4D1B34D351CF}.Release|x86.Build.0 = Release|Any CPU
		{9DE91110-3BF1-4837-B4EB-2BDD2552F329}.Debug|Any CPU.ActiveCfg = Debug|Any CPU
		{9DE91110-3BF1-4837-B4EB-2BDD2552F329}.Debug|Any CPU.Build.0 = Debug|Any CPU
		{9DE91110-3BF1-4837-B4EB-2BDD2552F329}.Debug|x64.ActiveCfg = Debug|Any CPU
		{9DE91110-3BF1-4837-B4EB-2BDD2552F329}.Debug|x64.Build.0 = Debug|Any CPU
		{9DE91110-3BF1-4837-B4EB-2BDD2552F329}.Debug|x86.ActiveCfg = Debug|Any CPU
		{9DE91110-3BF1-4837-B4EB-2BDD2552F329}.Debug|x86.Build.0 = Debug|Any CPU
		{9DE91110-3BF1-4837-B4EB-2BDD2552F329}.Release|Any CPU.ActiveCfg = Release|Any CPU
		{9DE91110-3BF1-4837-B4EB-2BDD2552F329}.Release|Any CPU.Build.0 = Release|Any CPU
		{9DE91110-3BF1-4837-B4EB-2BDD2552F329}.Release|x64.ActiveCfg = Release|Any CPU
		{9DE91110-3BF1-4837-B4EB-2BDD2552F329}.Release|x64.Build.0 = Release|Any CPU
		{9DE91110-3BF1-4837-B4EB-2BDD2552F329}.Release|x86.ActiveCfg = Release|Any CPU
		{9DE91110-3BF1-4837-B4EB-2BDD2552F329}.Release|x86.Build.0 = Release|Any CPU
		{484217C7-3CE5-412A-891D-BB546384532D}.Debug|Any CPU.ActiveCfg = Debug|Any CPU
		{484217C7-3CE5-412A-891D-BB546384532D}.Debug|Any CPU.Build.0 = Debug|Any CPU
		{484217C7-3CE5-412A-891D-BB546384532D}.Debug|x64.ActiveCfg = Debug|Any CPU
		{484217C7-3CE5-412A-891D-BB546384532D}.Debug|x64.Build.0 = Debug|Any CPU
		{484217C7-3CE5-412A-891D-BB546384532D}.Debug|x86.ActiveCfg = Debug|Any CPU
		{484217C7-3CE5-412A-891D-BB546384532D}.Debug|x86.Build.0 = Debug|Any CPU
		{484217C7-3CE5-412A-891D-BB546384532D}.Release|Any CPU.ActiveCfg = Release|Any CPU
		{484217C7-3CE5-412A-891D-BB546384532D}.Release|Any CPU.Build.0 = Release|Any CPU
		{484217C7-3CE5-412A-891D-BB546384532D}.Release|x64.ActiveCfg = Release|Any CPU
		{484217C7-3CE5-412A-891D-BB546384532D}.Release|x64.Build.0 = Release|Any CPU
		{484217C7-3CE5-412A-891D-BB546384532D}.Release|x86.ActiveCfg = Release|Any CPU
		{484217C7-3CE5-412A-891D-BB546384532D}.Release|x86.Build.0 = Release|Any CPU
		{929ABEBC-EF4C-4674-8253-484826D8FE9E}.Debug|Any CPU.ActiveCfg = Debug|Any CPU
		{929ABEBC-EF4C-4674-8253-484826D8FE9E}.Debug|Any CPU.Build.0 = Debug|Any CPU
		{929ABEBC-EF4C-4674-8253-484826D8FE9E}.Debug|x64.ActiveCfg = Debug|Any CPU
		{929ABEBC-EF4C-4674-8253-484826D8FE9E}.Debug|x64.Build.0 = Debug|Any CPU
		{929ABEBC-EF4C-4674-8253-484826D8FE9E}.Debug|x86.ActiveCfg = Debug|Any CPU
		{929ABEBC-EF4C-4674-8253-484826D8FE9E}.Debug|x86.Build.0 = Debug|Any CPU
		{929ABEBC-EF4C-4674-8253-484826D8FE9E}.Release|Any CPU.ActiveCfg = Release|Any CPU
		{929ABEBC-EF4C-4674-8253-484826D8FE9E}.Release|Any CPU.Build.0 = Release|Any CPU
		{929ABEBC-EF4C-4674-8253-484826D8FE9E}.Release|x64.ActiveCfg = Release|Any CPU
		{929ABEBC-EF4C-4674-8253-484826D8FE9E}.Release|x64.Build.0 = Release|Any CPU
		{929ABEBC-EF4C-4674-8253-484826D8FE9E}.Release|x86.ActiveCfg = Release|Any CPU
		{929ABEBC-EF4C-4674-8253-484826D8FE9E}.Release|x86.Build.0 = Release|Any CPU
	EndGlobalSection
	GlobalSection(SolutionProperties) = preSolution
		HideSolutionNode = FALSE
	EndGlobalSection
	GlobalSection(NestedProjects) = preSolution
		{8D392168-CF63-4273-AC59-4D1B34D351CF} = {827E0CD3-B72D-47B6-A68D-7590B98EB39B}
		{9DE91110-3BF1-4837-B4EB-2BDD2552F329} = {0AB3BF05-4346-4AA6-1389-037BE0695223}
		{484217C7-3CE5-412A-891D-BB546384532D} = {66320409-64EC-F7C5-3DEF-65E7510DAAD1}
		{929ABEBC-EF4C-4674-8253-484826D8FE9E} = {827E0CD3-B72D-47B6-A68D-7590B98EB39B}
	EndGlobalSection
EndGlobal
